# generated by rye
# use `rye lock` or `rye sync` to update this lockfile
#
# last locked with the following flags:
#   pre: false
#   features: []
#   all-features: false
#   with-sources: false
#   generate-hashes: false
#   universal: false

-e file:.
packaging==25.0
    # via qtpy
pyside6==6.9.0
    # via zip-gui
pyside6-addons==6.9.0
    # via pyside6
pyside6-essentials==6.9.0
    # via pyside6
    # via pyside6-addons
qtawesome==1.4.0
    # via zip-gui
qtpy==2.4.3
    # via qtawesome
shiboken6==6.9.0
    # via pyside6
    # via pyside6-addons
    # via pyside6-essentials
