# generated by rye
# use `rye lock` or `rye sync` to update this lockfile
#
# last locked with the following flags:
#   pre: false
#   features: []
#   all-features: false
#   with-sources: false
#   generate-hashes: false
#   universal: false

-e file:.
altgraph==0.17.4
    # via macholib
    # via pyinstaller
macholib==1.16.3
    # via pyinstaller
packaging==25.0
    # via pyinstaller
    # via pyinstaller-hooks-contrib
    # via qtpy
pyinstaller==6.13.0
pyinstaller-hooks-contrib==2025.3
    # via pyinstaller
pyside6==6.9.0
    # via zip-gui
pyside6-addons==6.9.0
    # via pyside6
pyside6-essentials==6.9.0
    # via pyside6
    # via pyside6-addons
qtawesome==1.4.0
    # via zip-gui
qtpy==2.4.3
    # via qtawesome
setuptools==79.0.0
    # via pyinstaller
    # via pyinstaller-hooks-contrib
shiboken6==6.9.0
    # via pyside6
    # via pyside6-addons
    # via pyside6-essentials
